
Microsoft Visual Studio Solution File, Format Version 12.00
# Visual Studio Version 16
VisualStudioVersion = 16.0.31321.278
MinimumVisualStudioVersion = 10.0.40219.1
Project("{FAE04EC0-301F-11D3-BF4B-00C04F79EFBC}") = "MatchingServer", "MatchingServer\MatchingServer.csproj", "{FC87E00C-0B6B-4DE4-88C6-D5DA9821291C}"
EndProject
Global
	GlobalSection(SolutionConfigurationPlatforms) = preSolution
		Debug|Any CPU = Debug|Any CPU
		Release|Any CPU = Release|Any CPU
	EndGlobalSection
	GlobalSection(ProjectConfigurationPlatforms) = postSolution
		{FC87E00C-0B6B-4DE4-88C6-D5DA9821291C}.Debug|Any CPU.ActiveCfg = Debug|Any CPU
		{FC87E00C-0B6B-4DE4-88C6-D5DA9821291C}.Debug|Any CPU.Build.0 = Debug|Any CPU
		{FC87E00C-0B6B-4DE4-88C6-D5DA9821291C}.Release|Any CPU.ActiveCfg = Release|Any CPU
		{FC87E00C-0B6B-4DE4-88C6-D5DA9821291C}.Release|Any CPU.Build.0 = Release|Any CPU
	EndGlobalSection
	GlobalSection(SolutionProperties) = preSolution
		HideSolutionNode = FALSE
	EndGlobalSection
	GlobalSection(ExtensibilityGlobals) = postSolution
		SolutionGuid = {0281B840-2434-43E4-9E35-9CCB066BC5E7}
	EndGlobalSection
EndGlobal
